
Microsoft Visual Studio Solution File, Format Version 12.00
# Visual Studio Version 17
VisualStudioVersion = 17.0.31903.59
MinimumVisualStudioVersion = 10.0.40219.1
Project("{FAE04EC0-301F-11D3-BF4B-00C04F79EFBC}") = "LibraryAPI.Domain", "LibraryAPI.Domain\LibraryAPI.Domain.csproj", "{AD01463F-E6CF-4067-9E21-9A8E5E120461}"
EndProject
Project("{FAE04EC0-301F-11D3-BF4B-00C04F79EFBC}") = "LibraryAPI.Application", "LibraryAPI.Application\LibraryAPI.Application.csproj", "{46BE0F73-BF50-48E6-A2FB-95948D04D855}"
EndProject
Project("{FAE04EC0-301F-11D3-BF4B-00C04F79EFBC}") = "LibraryAPI.Infrastructure", "LibraryAPI.Infrastructure\LibraryAPI.Infrastructure.csproj", "{11228901-C702-43CE-AAB7-A6650A723144}"
EndProject
Project("{FAE04EC0-301F-11D3-BF4B-00C04F79EFBC}") = "LibraryAPI.API", "LibraryAPI.API\LibraryAPI.API.csproj", "{34BCBD32-9C98-4EAD-B95A-F1DF12559078}"
EndProject
Global
	GlobalSection(SolutionConfigurationPlatforms) = preSolution
		Debug|Any CPU = Debug|Any CPU
		Release|Any CPU = Release|Any CPU
	EndGlobalSection
	GlobalSection(SolutionProperties) = preSolution
		HideSolutionNode = FALSE
	EndGlobalSection
	GlobalSection(ProjectConfigurationPlatforms) = postSolution
		{AD01463F-E6CF-4067-9E21-9A8E5E120461}.Debug|Any CPU.ActiveCfg = Debug|Any CPU
		{AD01463F-E6CF-4067-9E21-9A8E5E120461}.Debug|Any CPU.Build.0 = Debug|Any CPU
		{AD01463F-E6CF-4067-9E21-9A8E5E120461}.Release|Any CPU.ActiveCfg = Release|Any CPU
		{AD01463F-E6CF-4067-9E21-9A8E5E120461}.Release|Any CPU.Build.0 = Release|Any CPU
		{46BE0F73-BF50-48E6-A2FB-95948D04D855}.Debug|Any CPU.ActiveCfg = Debug|Any CPU
		{46BE0F73-BF50-48E6-A2FB-95948D04D855}.Debug|Any CPU.Build.0 = Debug|Any CPU
		{46BE0F73-BF50-48E6-A2FB-95948D04D855}.Release|Any CPU.ActiveCfg = Release|Any CPU
		{46BE0F73-BF50-48E6-A2FB-95948D04D855}.Release|Any CPU.Build.0 = Release|Any CPU
		{11228901-C702-43CE-AAB7-A6650A723144}.Debug|Any CPU.ActiveCfg = Debug|Any CPU
		{11228901-C702-43CE-AAB7-A6650A723144}.Debug|Any CPU.Build.0 = Debug|Any CPU
		{11228901-C702-43CE-AAB7-A6650A723144}.Release|Any CPU.ActiveCfg = Release|Any CPU
		{11228901-C702-43CE-AAB7-A6650A723144}.Release|Any CPU.Build.0 = Release|Any CPU
		{34BCBD32-9C98-4EAD-B95A-F1DF12559078}.Debug|Any CPU.ActiveCfg = Debug|Any CPU
		{34BCBD32-9C98-4EAD-B95A-F1DF12559078}.Debug|Any CPU.Build.0 = Debug|Any CPU
		{34BCBD32-9C98-4EAD-B95A-F1DF12559078}.Release|Any CPU.ActiveCfg = Release|Any CPU
		{34BCBD32-9C98-4EAD-B95A-F1DF12559078}.Release|Any CPU.Build.0 = Release|Any CPU
	EndGlobalSection
EndGlobal
